
Microsoft Visual Studio Solution File, Format Version 12.00
# Visual Studio Version 16
VisualStudioVersion = 16.0.31702.278
MinimumVisualStudioVersion = 10.0.40219.1
Project("{888888A0-9F3D-457C-B088-3A5042F75D52}") = "Yetibyte.Twitch.ChatNx", "Yetibyte.Twitch.ChatNx\Yetibyte.Twitch.ChatNx.pyproj", "{3DB61397-77E4-4FFF-B0FE-C526D4ACB2E8}"
EndProject
Global
	GlobalSection(SolutionConfigurationPlatforms) = preSolution
		Debug|Any CPU = Debug|Any CPU
		Release|Any CPU = Release|Any CPU
	EndGlobalSection
	GlobalSection(ProjectConfigurationPlatforms) = postSolution
		{3DB61397-77E4-4FFF-B0FE-C526D4ACB2E8}.Debug|Any CPU.ActiveCfg = Debug|Any CPU
		{3DB61397-77E4-4FFF-B0FE-C526D4ACB2E8}.Release|Any CPU.ActiveCfg = Release|Any CPU
	EndGlobalSection
	GlobalSection(SolutionProperties) = preSolution
		HideSolutionNode = FALSE
	EndGlobalSection
	GlobalSection(ExtensibilityGlobals) = postSolution
		SolutionGuid = {97378BCF-8419-4FA1-AABE-25A5FF3F66E2}
	EndGlobalSection
EndGlobal
